{
  "name": "demo-protobuf",
  "version": "1.0.0",
  "lockfileVersion": 1,
  "requires": true,
  "dependencies": {
    "google-protobuf": {
      "version": "3.19.3",
      "resolved": "https://registry.npmjs.org/google-protobuf/-/google-protobuf-3.19.3.tgz",
      "integrity": "sha512-3GRDj8o9XjcALYjgxNKeD7Wm6w/V8r1Jo4sLYMic9+VaIMLBx8TQeHP9yaoRoDymNONhnkmmveDPyjw/Fpw8+A=="
    }
  }
}
